
Microsoft Visual Studio Solution File, Format Version 12.00
# Visual Studio Version 16
VisualStudioVersion = 16.0.30907.101
MinimumVisualStudioVersion = 10.0.40219.1
Project("{FAE04EC0-301F-11D3-BF4B-00C04F79EFBC}") = "Pizzeria", "Pizzeria.csproj", "{0EFE93E5-5821-42BE-A4E5-60E842264C88}"
EndProject
Global
	GlobalSection(SolutionConfigurationPlatforms) = preSolution
		Debug|Any CPU = Debug|Any CPU
		Release|Any CPU = Release|Any CPU
	EndGlobalSection
	GlobalSection(ProjectConfigurationPlatforms) = postSolution
		{0EFE93E5-5821-42BE-A4E5-60E842264C88}.Debug|Any CPU.ActiveCfg = Debug|Any CPU
		{0EFE93E5-5821-42BE-A4E5-60E842264C88}.Debug|Any CPU.Build.0 = Debug|Any CPU
		{0EFE93E5-5821-42BE-A4E5-60E842264C88}.Release|Any CPU.ActiveCfg = Release|Any CPU
		{0EFE93E5-5821-42BE-A4E5-60E842264C88}.Release|Any CPU.Build.0 = Release|Any CPU
	EndGlobalSection
	GlobalSection(SolutionProperties) = preSolution
		HideSolutionNode = FALSE
	EndGlobalSection
	GlobalSection(ExtensibilityGlobals) = postSolution
		SolutionGuid = {B74F6AC0-53B2-49F4-903A-B42F51C4E969}
	EndGlobalSection
EndGlobal
